
Microsoft Visual Studio Solution File, Format Version 12.00
# Visual Studio Version 17
VisualStudioVersion = 17.5.002.0
MinimumVisualStudioVersion = 10.0.40219.1
Project("{2150E333-8FDC-42A3-9474-1A3956D46DE8}") = "csharp-prep", "csharp-prep", "{FB7BE2E5-2070-4655-9CD7-0143FA886843}"
EndProject
Project("{9A19103F-16F7-4668-BE54-9A1E7A4F7556}") = "Prep1", "csharp-prep\Prep1\Prep1.csproj", "{6B29571D-6F24-4319-81CF-7910B68284B4}"
EndProject
Project("{9A19103F-16F7-4668-BE54-9A1E7A4F7556}") = "Prep2", "csharp-prep\Prep2\Prep2.csproj", "{8680B39A-7BF3-4D95-AFA2-7098A83BED05}"
EndProject
Project("{9A19103F-16F7-4668-BE54-9A1E7A4F7556}") = "Prep3", "csharp-prep\Prep3\Prep3.csproj", "{5F2F8826-3B2E-4AE5-98F1-C84E86F6B18D}"
EndProject
Project("{9A19103F-16F7-4668-BE54-9A1E7A4F7556}") = "Prep4", "csharp-prep\Prep4\Prep4.csproj", "{16DB14F0-FC17-4E80-B02F-C794749EF8E0}"
EndProject
Project("{9A19103F-16F7-4668-BE54-9A1E7A4F7556}") = "Prep5", "csharp-prep\Prep5\Prep5.csproj", "{A1B731FD-B105-4BFB-8793-00D494E2A1BB}"
EndProject
Project("{2150E333-8FDC-42A3-9474-1A3956D46DE8}") = "final", "final", "{BDB3EFBF-6910-447B-A684-93F4E2E2D2AA}"
EndProject
Project("{9A19103F-16F7-4668-BE54-9A1E7A4F7556}") = "FinalProject", "final\FinalProject\FinalProject.csproj", "{0C118763-6810-41A1-946F-3DC2EA807410}"
EndProject
Project("{9A19103F-16F7-4668-BE54-9A1E7A4F7556}") = "Foundation1", "final\Foundation1\Foundation1.csproj", "{4B1A1A49-6171-43F3-8E93-099BD5C3AD93}"
EndProject
Project("{9A19103F-16F7-4668-BE54-9A1E7A4F7556}") = "Foundation2", "final\Foundation2\Foundation2.csproj", "{3F1CA570-9DDC-4E28-9BF2-834EF257B259}"
EndProject
Project("{9A19103F-16F7-4668-BE54-9A1E7A4F7556}") = "Foundation3", "final\Foundation3\Foundation3.csproj", "{0BB11A5E-1665-4DFA-8580-EA212F73E609}"
EndProject
Project("{9A19103F-16F7-4668-BE54-9A1E7A4F7556}") = "Foundation4", "final\Foundation4\Foundation4.csproj", "{CA2B6855-ABBD-4FD6-BB9E-E5FF7D42C3CA}"
EndProject
Project("{2150E333-8FDC-42A3-9474-1A3956D46DE8}") = "prepare", "prepare", "{CF8262D4-B957-4A7E-AAC9-24FAA909C0F1}"
EndProject
Project("{9A19103F-16F7-4668-BE54-9A1E7A4F7556}") = "Learning02", "prepare\Learning02\Learning02.csproj", "{038383B7-8474-47D1-A3E0-711389616F20}"
EndProject
Project("{9A19103F-16F7-4668-BE54-9A1E7A4F7556}") = "Learning03", "prepare\Learning03\Learning03.csproj", "{DC0DCDD4-6B03-41A4-B27D-8E1F38D24A1E}"
EndProject
Project("{9A19103F-16F7-4668-BE54-9A1E7A4F7556}") = "Learning04", "prepare\Learning04\Learning04.csproj", "{C7BD840A-48DC-4F85-866F-8784659176AD}"
EndProject
Project("{9A19103F-16F7-4668-BE54-9A1E7A4F7556}") = "Learning05", "prepare\Learning05\Learning05.csproj", "{AF8CBCB9-42D3-4942-9FDB-781B441AD59E}"
EndProject
Project("{2150E333-8FDC-42A3-9474-1A3956D46DE8}") = "prove", "prove", "{EBE96592-2CE1-44EF-B6DB-0D5BFCC93D96}"
EndProject
Project("{9A19103F-16F7-4668-BE54-9A1E7A4F7556}") = "Develop02", "prove\Develop02\Develop02.csproj", "{BFB9058D-6CF5-45BC-A335-751FCB2C3286}"
EndProject
Project("{9A19103F-16F7-4668-BE54-9A1E7A4F7556}") = "Develop03", "prove\Develop03\Develop03.csproj", "{EC9BB521-0F72-46F4-807E-8B4DE096E75E}"
EndProject
Project("{9A19103F-16F7-4668-BE54-9A1E7A4F7556}") = "Develop04", "prove\Develop04\Develop04.csproj", "{D792CB06-26A2-4C50-AFEC-565C6756BE08}"
EndProject
Project("{9A19103F-16F7-4668-BE54-9A1E7A4F7556}") = "Develop05", "prove\Develop05\Develop05.csproj", "{E469017A-998C-4BAC-B266-5D697D905B14}"
EndProject
Project("{2150E333-8FDC-42A3-9474-1A3956D46DE8}") = "sandbox", "sandbox", "{9B128FEB-2057-46F2-A627-32AFD589B14B}"
EndProject
Project("{9A19103F-16F7-4668-BE54-9A1E7A4F7556}") = "Sandbox", "sandbox\Sandbox\Sandbox.csproj", "{57D71AC8-8D7C-4B51-9400-275D9E143E6F}"
EndProject
Global
	GlobalSection(SolutionConfigurationPlatforms) = preSolution
		Debug|Any CPU = Debug|Any CPU
		Release|Any CPU = Release|Any CPU
	EndGlobalSection
	GlobalSection(ProjectConfigurationPlatforms) = postSolution
		{6B29571D-6F24-4319-81CF-7910B68284B4}.Debug|Any CPU.ActiveCfg = Debug|Any CPU
		{6B29571D-6F24-4319-81CF-7910B68284B4}.Debug|Any CPU.Build.0 = Debug|Any CPU
		{6B29571D-6F24-4319-81CF-7910B68284B4}.Release|Any CPU.ActiveCfg = Release|Any CPU
		{6B29571D-6F24-4319-81CF-7910B68284B4}.Release|Any CPU.Build.0 = Release|Any CPU
		{8680B39A-7BF3-4D95-AFA2-7098A83BED05}.Debug|Any CPU.ActiveCfg = Debug|Any CPU
		{8680B39A-7BF3-4D95-AFA2-7098A83BED05}.Debug|Any CPU.Build.0 = Debug|Any CPU
		{8680B39A-7BF3-4D95-AFA2-7098A83BED05}.Release|Any CPU.ActiveCfg = Release|Any CPU
		{8680B39A-7BF3-4D95-AFA2-7098A83BED05}.Release|Any CPU.Build.0 = Release|Any CPU
		{5F2F8826-3B2E-4AE5-98F1-C84E86F6B18D}.Debug|Any CPU.ActiveCfg = Debug|Any CPU
		{5F2F8826-3B2E-4AE5-98F1-C84E86F6B18D}.Debug|Any CPU.Build.0 = Debug|Any CPU
		{5F2F8826-3B2E-4AE5-98F1-C84E86F6B18D}.Release|Any CPU.ActiveCfg = Release|Any CPU
		{5F2F8826-3B2E-4AE5-98F1-C84E86F6B18D}.Release|Any CPU.Build.0 = Release|Any CPU
		{16DB14F0-FC17-4E80-B02F-C794749EF8E0}.Debug|Any CPU.ActiveCfg = Debug|Any CPU
		{16DB14F0-FC17-4E80-B02F-C794749EF8E0}.Debug|Any CPU.Build.0 = Debug|Any CPU
		{16DB14F0-FC17-4E80-B02F-C794749EF8E0}.Release|Any CPU.ActiveCfg = Release|Any CPU
		{16DB14F0-FC17-4E80-B02F-C794749EF8E0}.Release|Any CPU.Build.0 = Release|Any CPU
		{A1B731FD-B105-4BFB-8793-00D494E2A1BB}.Debug|Any CPU.ActiveCfg = Debug|Any CPU
		{A1B731FD-B105-4BFB-8793-00D494E2A1BB}.Debug|Any CPU.Build.0 = Debug|Any CPU
		{A1B731FD-B105-4BFB-8793-00D494E2A1BB}.Release|Any CPU.ActiveCfg = Release|Any CPU
		{A1B731FD-B105-4BFB-8793-00D494E2A1BB}.Release|Any CPU.Build.0 = Release|Any CPU
		{0C118763-6810-41A1-946F-3DC2EA807410}.Debug|Any CPU.ActiveCfg = Debug|Any CPU
		{0C118763-6810-41A1-946F-3DC2EA807410}.Debug|Any CPU.Build.0 = Debug|Any CPU
		{0C118763-6810-41A1-946F-3DC2EA807410}.Release|Any CPU.ActiveCfg = Release|Any CPU
		{0C118763-6810-41A1-946F-3DC2EA807410}.Release|Any CPU.Build.0 = Release|Any CPU
		{4B1A1A49-6171-43F3-8E93-099BD5C3AD93}.Debug|Any CPU.ActiveCfg = Debug|Any CPU
		{4B1A1A49-6171-43F3-8E93-099BD5C3AD93}.Debug|Any CPU.Build.0 = Debug|Any CPU
		{4B1A1A49-6171-43F3-8E93-099BD5C3AD93}.Release|Any CPU.ActiveCfg = Release|Any CPU
		{4B1A1A49-6171-43F3-8E93-099BD5C3AD93}.Release|Any CPU.Build.0 = Release|Any CPU
		{3F1CA570-9DDC-4E28-9BF2-834EF257B259}.Debug|Any CPU.ActiveCfg = Debug|Any CPU
		{3F1CA570-9DDC-4E28-9BF2-834EF257B259}.Debug|Any CPU.Build.0 = Debug|Any CPU
		{3F1CA570-9DDC-4E28-9BF2-834EF257B259}.Release|Any CPU.ActiveCfg = Release|Any CPU
		{3F1CA570-9DDC-4E28-9BF2-834EF257B259}.Release|Any CPU.Build.0 = Release|Any CPU
		{0BB11A5E-1665-4DFA-8580-EA212F73E609}.Debug|Any CPU.ActiveCfg = Debug|Any CPU
		{0BB11A5E-1665-4DFA-8580-EA212F73E609}.Debug|Any CPU.Build.0 = Debug|Any CPU
		{0BB11A5E-1665-4DFA-8580-EA212F73E609}.Release|Any CPU.ActiveCfg = Release|Any CPU
		{0BB11A5E-1665-4DFA-8580-EA212F73E609}.Release|Any CPU.Build.0 = Release|Any CPU
		{CA2B6855-ABBD-4FD6-BB9E-E5FF7D42C3CA}.Debug|Any CPU.ActiveCfg = Debug|Any CPU
		{CA2B6855-ABBD-4FD6-BB9E-E5FF7D42C3CA}.Debug|Any CPU.Build.0 = Debug|Any CPU
		{CA2B6855-ABBD-4FD6-BB9E-E5FF7D42C3CA}.Release|Any CPU.ActiveCfg = Release|Any CPU
		{CA2B6855-ABBD-4FD6-BB9E-E5FF7D42C3CA}.Release|Any CPU.Build.0 = Release|Any CPU
		{038383B7-8474-47D1-A3E0-711389616F20}.Debug|Any CPU.ActiveCfg = Debug|Any CPU
		{038383B7-8474-47D1-A3E0-711389616F20}.Debug|Any CPU.Build.0 = Debug|Any CPU
		{038383B7-8474-47D1-A3E0-711389616F20}.Release|Any CPU.ActiveCfg = Release|Any CPU
		{038383B7-8474-47D1-A3E0-711389616F20}.Release|Any CPU.Build.0 = Release|Any CPU
		{DC0DCDD4-6B03-41A4-B27D-8E1F38D24A1E}.Debug|Any CPU.ActiveCfg = Debug|Any CPU
		{DC0DCDD4-6B03-41A4-B27D-8E1F38D24A1E}.Debug|Any CPU.Build.0 = Debug|Any CPU
		{DC0DCDD4-6B03-41A4-B27D-8E1F38D24A1E}.Release|Any CPU.ActiveCfg = Release|Any CPU
		{DC0DCDD4-6B03-41A4-B27D-8E1F38D24A1E}.Release|Any CPU.Build.0 = Release|Any CPU
		{C7BD840A-48DC-4F85-866F-8784659176AD}.Debug|Any CPU.ActiveCfg = Debug|Any CPU
		{C7BD840A-48DC-4F85-866F-8784659176AD}.Debug|Any CPU.Build.0 = Debug|Any CPU
		{C7BD840A-48DC-4F85-866F-8784659176AD}.Release|Any CPU.ActiveCfg = Release|Any CPU
		{C7BD840A-48DC-4F85-866F-8784659176AD}.Release|Any CPU.Build.0 = Release|Any CPU
		{AF8CBCB9-42D3-4942-9FDB-781B441AD59E}.Debug|Any CPU.ActiveCfg = Debug|Any CPU
		{AF8CBCB9-42D3-4942-9FDB-781B441AD59E}.Debug|Any CPU.Build.0 = Debug|Any CPU
		{AF8CBCB9-42D3-4942-9FDB-781B441AD59E}.Release|Any CPU.ActiveCfg = Release|Any CPU
		{AF8CBCB9-42D3-4942-9FDB-781B441AD59E}.Release|Any CPU.Build.0 = Release|Any CPU
		{BFB9058D-6CF5-45BC-A335-751FCB2C3286}.Debug|Any CPU.ActiveCfg = Debug|Any CPU
		{BFB9058D-6CF5-45BC-A335-751FCB2C3286}.Debug|Any CPU.Build.0 = Debug|Any CPU
		{BFB9058D-6CF5-45BC-A335-751FCB2C3286}.Release|Any CPU.ActiveCfg = Release|Any CPU
		{BFB9058D-6CF5-45BC-A335-751FCB2C3286}.Release|Any CPU.Build.0 = Release|Any CPU
		{EC9BB521-0F72-46F4-807E-8B4DE096E75E}.Debug|Any CPU.ActiveCfg = Debug|Any CPU
		{EC9BB521-0F72-46F4-807E-8B4DE096E75E}.Debug|Any CPU.Build.0 = Debug|Any CPU
		{EC9BB521-0F72-46F4-807E-8B4DE096E75E}.Release|Any CPU.ActiveCfg = Release|Any CPU
		{EC9BB521-0F72-46F4-807E-8B4DE096E75E}.Release|Any CPU.Build.0 = Release|Any CPU
		{D792CB06-26A2-4C50-AFEC-565C6756BE08}.Debug|Any CPU.ActiveCfg = Debug|Any CPU
		{D792CB06-26A2-4C50-AFEC-565C6756BE08}.Debug|Any CPU.Build.0 = Debug|Any CPU
		{D792CB06-26A2-4C50-AFEC-565C6756BE08}.Release|Any CPU.ActiveCfg = Release|Any CPU
		{D792CB06-26A2-4C50-AFEC-565C6756BE08}.Release|Any CPU.Build.0 = Release|Any CPU
		{E469017A-998C-4BAC-B266-5D697D905B14}.Debug|Any CPU.ActiveCfg = Debug|Any CPU
		{E469017A-998C-4BAC-B266-5D697D905B14}.Debug|Any CPU.Build.0 = Debug|Any CPU
		{E469017A-998C-4BAC-B266-5D697D905B14}.Release|Any CPU.ActiveCfg = Release|Any CPU
		{E469017A-998C-4BAC-B266-5D697D905B14}.Release|Any CPU.Build.0 = Release|Any CPU
		{57D71AC8-8D7C-4B51-9400-275D9E143E6F}.Debug|Any CPU.ActiveCfg = Debug|Any CPU
		{57D71AC8-8D7C-4B51-9400-275D9E143E6F}.Debug|Any CPU.Build.0 = Debug|Any CPU
		{57D71AC8-8D7C-4B51-9400-275D9E143E6F}.Release|Any CPU.ActiveCfg = Release|Any CPU
		{57D71AC8-8D7C-4B51-9400-275D9E143E6F}.Release|Any CPU.Build.0 = Release|Any CPU
	EndGlobalSection
	GlobalSection(SolutionProperties) = preSolution
		HideSolutionNode = FALSE
	EndGlobalSection
	GlobalSection(NestedProjects) = preSolution
		{6B29571D-6F24-4319-81CF-7910B68284B4} = {FB7BE2E5-2070-4655-9CD7-0143FA886843}
		{8680B39A-7BF3-4D95-AFA2-7098A83BED05} = {FB7BE2E5-2070-4655-9CD7-0143FA886843}
		{5F2F8826-3B2E-4AE5-98F1-C84E86F6B18D} = {FB7BE2E5-2070-4655-9CD7-0143FA886843}
		{16DB14F0-FC17-4E80-B02F-C794749EF8E0} = {FB7BE2E5-2070-4655-9CD7-0143FA886843}
		{A1B731FD-B105-4BFB-8793-00D494E2A1BB} = {FB7BE2E5-2070-4655-9CD7-0143FA886843}
		{0C118763-6810-41A1-946F-3DC2EA807410} = {BDB3EFBF-6910-447B-A684-93F4E2E2D2AA}
		{4B1A1A49-6171-43F3-8E93-099BD5C3AD93} = {BDB3EFBF-6910-447B-A684-93F4E2E2D2AA}
		{3F1CA570-9DDC-4E28-9BF2-834EF257B259} = {BDB3EFBF-6910-447B-A684-93F4E2E2D2AA}
		{0BB11A5E-1665-4DFA-8580-EA212F73E609} = {BDB3EFBF-6910-447B-A684-93F4E2E2D2AA}
		{CA2B6855-ABBD-4FD6-BB9E-E5FF7D42C3CA} = {BDB3EFBF-6910-447B-A684-93F4E2E2D2AA}
		{038383B7-8474-47D1-A3E0-711389616F20} = {CF8262D4-B957-4A7E-AAC9-24FAA909C0F1}
		{DC0DCDD4-6B03-41A4-B27D-8E1F38D24A1E} = {CF8262D4-B957-4A7E-AAC9-24FAA909C0F1}
		{C7BD840A-48DC-4F85-866F-8784659176AD} = {CF8262D4-B957-4A7E-AAC9-24FAA909C0F1}
		{AF8CBCB9-42D3-4942-9FDB-781B441AD59E} = {CF8262D4-B957-4A7E-AAC9-24FAA909C0F1}
		{BFB9058D-6CF5-45BC-A335-751FCB2C3286} = {EBE96592-2CE1-44EF-B6DB-0D5BFCC93D96}
		{EC9BB521-0F72-46F4-807E-8B4DE096E75E} = {EBE96592-2CE1-44EF-B6DB-0D5BFCC93D96}
		{D792CB06-26A2-4C50-AFEC-565C6756BE08} = {EBE96592-2CE1-44EF-B6DB-0D5BFCC93D96}
		{E469017A-998C-4BAC-B266-5D697D905B14} = {EBE96592-2CE1-44EF-B6DB-0D5BFCC93D96}
		{57D71AC8-8D7C-4B51-9400-275D9E143E6F} = {9B128FEB-2057-46F2-A627-32AFD589B14B}
	EndGlobalSection
	GlobalSection(ExtensibilityGlobals) = postSolution
		SolutionGuid = {56EE7244-B3D6-4C04-9D3E-089D8C22DA5B}
	EndGlobalSection
EndGlobal
